{
  "name": "asksql-jetbrains-parity-tools",
  "version": "0.0.0",
  "lockfileVersion": 3,
  "requires": true,
  "packages": {
    "": {
      "name": "asksql-jetbrains-parity-tools",
      "version": "0.0.0",
      "dependencies": {
        "@asksql/core": "file:../../../core"
      }
    },
    "../../../core": {
      "name": "@asksql/core",
      "version": "0.3.3",
      "license": "Apache-2.0",
      "dependencies": {
        "ai": "^7.0.26",
        "node-sql-parser": "^5.4.0"
      },
      "devDependencies": {
        "@ai-sdk/anthropic": "^4.0.14",
        "@ai-sdk/azure": "^4.0.13",
        "@ai-sdk/google": "^4.0.14",
        "@ai-sdk/groq": "^4.0.10",
        "@ai-sdk/openai": "^4.0.13",
        "@ai-sdk/openai-compatible": "^3.0.9"
      },
      "engines": {
        "node": ">=20"
      },
      "peerDependencies": {
        "@ai-sdk/anthropic": "^4",
        "@ai-sdk/azure": "^4",
        "@ai-sdk/google": "^4",
        "@ai-sdk/groq": "^4",
        "@ai-sdk/openai": "^4",
        "@ai-sdk/openai-compatible": "^3"
      },
      "peerDependenciesMeta": {
        "@ai-sdk/anthropic": {
          "optional": true
        },
        "@ai-sdk/azure": {
          "optional": true
        },
        "@ai-sdk/google": {
          "optional": true
        },
        "@ai-sdk/groq": {
          "optional": true
        },
        "@ai-sdk/openai": {
          "optional": true
        },
        "@ai-sdk/openai-compatible": {
          "optional": true
        }
      }
    },
    "node_modules/@asksql/core": {
      "resolved": "../../../core",
      "link": true
    }
  }
}
